// !$*UTF8*$!
{
	archiveVersion = 1;
	classes = {
	};
	objectVersion = 50;
	objects = {

/* Begin PBXBuildFile section */
		4481489E2168E35900B7A43C /* AppDelegate.m in Sources */ = {isa = PBXBuildFile; fileRef = 4481489D2168E35900B7A43C /* AppDelegate.m */; };
		448148A12168E35900B7A43C /* ViewController.m in Sources */ = {isa = PBXBuildFile; fileRef = 448148A02168E35900B7A43C /* ViewController.m */; };
		448148A42168E35900B7A43C /* Main.storyboard in Resources */ = {isa = PBXBuildFile; fileRef = 448148A22168E35900B7A43C /* Main.storyboard */; };
		448148A62168E35C00B7A43C /* Assets.xcassets in Resources */ = {isa = PBXBuildFile; fileRef = 448148A52168E35C00B7A43C /* Assets.xcassets */; };
		448148A92168E35C00B7A43C /* LaunchScreen.storyboard in Resources */ = {isa = PBXBuildFile; fileRef = 448148A72168E35C00B7A43C /* LaunchScreen.storyboard */; };
		448148AC2168E35C00B7A43C /* main.m in Sources */ = {isa = PBXBuildFile; fileRef = 448148AB2168E35C00B7A43C /* main.m */; };
		448148B52168EC4F00B7A43C /* JITQuizViewController.m in Sources */ = {isa = PBXBuildFile; fileRef = 448148B32168EC4F00B7A43C /* JITQuizViewController.m */; };
		448148B62168EC4F00B7A43C /* JITQuizViewController.xib in Resources */ = {isa = PBXBuildFile; fileRef = 448148B42168EC4F00B7A43C /* JITQuizViewController.xib */; };
/* End PBXBuildFile section */

/* Begin PBXFileReference section */
		448148992168E35900B7A43C /* Quiz.app */ = {isa = PBXFileReference; explicitFileType = wrapper.application; includeInIndex = 0; path = Quiz.app; sourceTree = BUILT_PRODUCTS_DIR; };
		4481489C2168E35900B7A43C /* AppDelegate.h */ = {isa = PBXFileReference; lastKnownFileType = sourcecode.c.h; path = AppDelegate.h; sourceTree = "<group>"; };
		4481489D2168E35900B7A43C /* AppDelegate.m */ = {isa = PBXFileReference; lastKnownFileType = sourcecode.c.objc; path = AppDelegate.m; sourceTree = "<group>"; };
		4481489F2168E35900B7A43C /* ViewController.h */ = {isa = PBXFileReference; lastKnownFileType = sourcecode.c.h; path = ViewController.h; sourceTree = "<group>"; };
		448148A02168E35900B7A43C /* ViewController.m */ = {isa = PBXFileReference; lastKnownFileType = sourcecode.c.objc; path = ViewController.m; sourceTree = "<group>"; };
		448148A32168E35900B7A43C /* Base */ = {isa = PBXFileReference; lastKnownFileType = file.storyboard; name = Base; path = Base.lproj/Main.storyboard; sourceTree = "<group>"; };
		448148A52168E35C00B7A43C /* Assets.xcassets */ = {isa = PBXFileReference; lastKnownFileType = folder.assetcatalog; path = Assets.xcassets; sourceTree = "<group>"; };
		448148A82168E35C00B7A43C /* Base */ = {isa = PBXFileReference; lastKnownFileType = file.storyboard; name = Base; path = Base.lproj/LaunchScreen.storyboard; sourceTree = "<group>"; };
		448148AA2168E35C00B7A43C /* Info.plist */ = {isa = PBXFileReference; lastKnownFileType = text.plist.xml; path = Info.plist; sourceTree = "<group>"; };
		448148AB2168E35C00B7A43C /* main.m */ = {isa = PBXFileReference; lastKnownFileType = sourcecode.c.objc; path = main.m; sourceTree = "<group>"; };
		448148B22168EC4F00B7A43C /* JITQuizViewController.h */ = {isa = PBXFileReference; lastKnownFileType = sourcecode.c.h; path = JITQuizViewController.h; sourceTree = "<group>"; };
		448148B32168EC4F00B7A43C /* JITQuizViewController.m */ = {isa = PBXFileReference; lastKnownFileType = sourcecode.c.objc; path = JITQuizViewController.m; sourceTree = "<group>"; };
		448148B42168EC4F00B7A43C /* JITQuizViewController.xib */ = {isa = PBXFileReference; lastKnownFileType = file.xib; path = JITQuizViewController.xib; sourceTree = "<group>"; };
/* End PBXFileReference section */

/* Begin PBXFrameworksBuildPhase section */
		448148962168E35900B7A43C /* Frameworks */ = {
			isa = PBXFrameworksBuildPhase;
			buildActionMask = 2147483647;
			files = (
			);
			runOnlyForDeploymentPostprocessing = 0;
		};
/* End PBXFrameworksBuildPhase section */

/* Begin PBXGroup section */
		448148902168E35900B7A43C = {
			isa = PBXGroup;
			children = (
				4481489B2168E35900B7A43C /* Quiz */,
				4481489A2168E35900B7A43C /* Products */,
			);
			sourceTree = "<group>";
		};
		4481489A2168E35900B7A43C /* Products */ = {
			isa = PBXGroup;
			children = (
				448148992168E35900B7A43C /* Quiz.app */,
			);
			name = Products;
			sourceTree = "<group>";
		};
		4481489B2168E35900B7A43C /* Quiz */ = {
			isa = PBXGroup;
			children = (
				4481489C2168E35900B7A43C /* AppDelegate.h */,
				4481489D2168E35900B7A43C /* AppDelegate.m */,
				4481489F2168E35900B7A43C /* ViewController.h */,
				448148A02168E35900B7A43C /* ViewController.m */,
				448148A22168E35900B7A43C /* Main.storyboard */,
				448148A52168E35C00B7A43C /* Assets.xcassets */,
				448148A72168E35C00B7A43C /* LaunchScreen.storyboard */,
				448148AA2168E35C00B7A43C /* Info.plist */,
				448148AB2168E35C00B7A43C /* main.m */,
				448148B22168EC4F00B7A43C /* JITQuizViewController.h */,
				448148B32168EC4F00B7A43C /* JITQuizViewController.m */,
				448148B42168EC4F00B7A43C /* JITQuizViewController.xib */,
			);
			path = Quiz;
			sourceTree = "<group>";
		};
/* End PBXGroup section */

/* Begin PBXNativeTarget section */
		448148982168E35900B7A43C /* Quiz */ = {
			isa = PBXNativeTarget;
			buildConfigurationList = 448148AF2168E35C00B7A43C /* Build configuration list for PBXNativeTarget "Quiz" */;
			buildPhases = (
				448148952168E35900B7A43C /* Sources */,
				448148962168E35900B7A43C /* Frameworks */,
				448148972168E35900B7A43C /* Resources */,
			);
			buildRules = (
			);
			dependencies = (
			);
			name = Quiz;
			productName = Quiz;
			productReference = 448148992168E35900B7A43C /* Quiz.app */;
			productType = "com.apple.product-type.application";
		};
/* End PBXNativeTarget section */

/* Begin PBXProject section */
		448148912168E35900B7A43C /* Project object */ = {
			isa = PBXProject;
			attributes = {
				LastUpgradeCheck = 1000;
				ORGANIZATIONNAME = JuicyITer;
				TargetAttributes = {
					448148982168E35900B7A43C = {
						CreatedOnToolsVersion = 10.0;
					};
				};
			};
			buildConfigurationList = 448148942168E35900B7A43C /* Build configuration list for PBXProject "Quiz" */;
			compatibilityVersion = "Xcode 9.3";
			developmentRegion = en;
			hasScannedForEncodings = 0;
			knownRegions = (
				en,
				Base,
			);
			mainGroup = 448148902168E35900B7A43C;
			productRefGroup = 4481489A2168E35900B7A43C /* Products */;
			projectDirPath = "";
			projectRoot = "";
			targets = (
				448148982168E35900B7A43C /* Quiz */,
			);
		};
/* End PBXProject section */

/* Begin PBXResourcesBuildPhase section */
		448148972168E35900B7A43C /* Resources */ = {
			isa = PBXResourcesBuildPhase;
			buildActionMask = 2147483647;
			files = (
				448148A92168E35C00B7A43C /* LaunchScreen.storyboard in Resources */,
				448148B62168EC4F00B7A43C /* JITQuizViewController.xib in Resources */,
				448148A62168E35C00B7A43C /* Assets.xcassets in Resources */,
				448148A42168E35900B7A43C /* Main.storyboard in Resources */,
			);
			runOnlyForDeploymentPostprocessing = 0;
		};
/* End PBXResourcesBuildPhase section */

/* Begin PBXSourcesBuildPhase section */
		448148952168E35900B7A43C /* Sources */ = {
			isa = PBXSourcesBuildPhase;
			buildActionMask = 2147483647;
			files = (
				448148A12168E35900B7A43C /* ViewController.m in Sources */,
				448148B52168EC4F00B7A43C /* JITQuizViewController.m in Sources */,
				448148AC2168E35C00B7A43C /* main.m in Sources */,
				4481489E2168E35900B7A43C /* AppDelegate.m in Sources */,
			);
			runOnlyForDeploymentPostprocessing = 0;
		};
/* End PBXSourcesBuildPhase section */

/* Begin PBXVariantGroup section */
		448148A22168E35900B7A43C /* Main.storyboard */ = {
			isa = PBXVariantGroup;
			children = (
				448148A32168E35900B7A43C /* Base */,
			);
			name = Main.storyboard;
			sourceTree = "<group>";
		};
		448148A72168E35C00B7A43C /* LaunchScreen.storyboard */ = {
			isa = PBXVariantGroup;
			children = (
				448148A82168E35C00B7A43C /* Base */,
			);
			name = LaunchScreen.storyboard;
			sourceTree = "<group>";
		};
/* End PBXVariantGroup section */

/* Begin XCBuildConfiguration section */
		448148AD2168E35C00B7A43C /* Debug */ = {
			isa = XCBuildConfiguration;
			buildSettings = {
				ALWAYS_SEARCH_USER_PATHS = NO;
				CLANG_ANALYZER_NONNULL = YES;
				CLANG_ANALYZER_NUMBER_OBJECT_CONVERSION = YES_AGGRESSIVE;
				CLANG_CXX_LANGUAGE_STANDARD = "gnu++14";
				CLANG_CXX_LIBRARY = "libc++";
				CLANG_ENABLE_MODULES = YES;
				CLANG_ENABLE_OBJC_ARC = YES;
				CLANG_ENABLE_OBJC_WEAK = YES;
				CLANG_WARN_BLOCK_CAPTURE_AUTORELEASING = YES;
				CLANG_WARN_BOOL_CONVERSION = YES;
				CLANG_WARN_COMMA = YES;
				CLANG_WARN_CONSTANT_CONVERSION = YES;
				CLANG_WARN_DEPRECATED_OBJC_IMPLEMENTATIONS = YES;
				CLANG_WARN_DIRECT_OBJC_ISA_USAGE = YES_ERROR;
				CLANG_WARN_DOCUMENTATION_COMMENTS = YES;
				CLANG_WARN_EMPTY_BODY = YES;
				CLANG_WARN_ENUM_CONVERSION = YES;
				CLANG_WARN_INFINITE_RECURSION = YES;
				CLANG_WARN_INT_CONVERSION = YES;
				CLANG_WARN_NON_LITERAL_NULL_CONVERSION = YES;
				CLANG_WARN_OBJC_IMPLICIT_RETAIN_SELF = YES;
				CLANG_WARN_OBJC_LITERAL_CONVERSION = YES;
				CLANG_WARN_OBJC_ROOT_CLASS = YES_ERROR;
				CLANG_WARN_RANGE_LOOP_ANALYSIS = YES;
				CLANG_WARN_STRICT_PROTOTYPES = YES;
				CLANG_WARN_SUSPICIOUS_MOVE = YES;
				CLANG_WARN_UNGUARDED_AVAILABILITY = YES_AGGRESSIVE;
				CLANG_WARN_UNREACHABLE_CODE = YES;
				CLANG_WARN__DUPLICATE_METHOD_MATCH = YES;
				CODE_SIGN_IDENTITY = "iPhone Developer";
				COPY_PHASE_STRIP = NO;
				DEBUG_INFORMATION_FORMAT = dwarf;
				ENABLE_STRICT_OBJC_MSGSEND = YES;
				ENABLE_TESTABILITY = YES;
				GCC_C_LANGUAGE_STANDARD = gnu11;
				GCC_DYNAMIC_NO_PIC = NO;
				GCC_NO_COMMON_BLOCKS = YES;
				GCC_OPTIMIZATION_LEVEL = 0;
				GCC_PREPROCESSOR_DEFINITIONS = (
					"DEBUG=1",
					"$(inherited)",
				);
				GCC_WARN_64_TO_32_BIT_CONVERSION = YES;
				GCC_WARN_ABOUT_RETURN_TYPE = YES_ERROR;
				GCC_WARN_UNDECLARED_SELECTOR = YES;
				GCC_WARN_UNINITIALIZED_AUTOS = YES_AGGRESSIVE;
				GCC_WARN_UNUSED_FUNCTION = YES;
				GCC_WARN_UNUSED_VARIABLE = YES;
				IPHONEOS_DEPLOYMENT_TARGET = 12.0;
				MTL_ENABLE_DEBUG_INFO = INCLUDE_SOURCE;
				MTL_FAST_MATH = YES;
				ONLY_ACTIVE_ARCH = YES;
				SDKROOT = iphoneos;
			};
			name = Debug;
		};
		448148AE2168E35C00B7A43C /* Release */ = {
			isa = XCBuildConfiguration;
			buildSettings = {
				ALWAYS_SEARCH_USER_PATHS = NO;
				CLANG_ANALYZER_NONNULL = YES;
				CLANG_ANALYZER_NUMBER_OBJECT_CONVERSION = YES_AGGRESSIVE;
				CLANG_CXX_LANGUAGE_STANDARD = "gnu++14";
				CLANG_CXX_LIBRARY = "libc++";
				CLANG_ENABLE_MODULES = YES;
				CLANG_ENABLE_OBJC_ARC = YES;
				CLANG_ENABLE_OBJC_WEAK = YES;
				CLANG_WARN_BLOCK_CAPTURE_AUTORELEASING = YES;
				CLANG_WARN_BOOL_CONVERSION = YES;
				CLANG_WARN_COMMA = YES;
				CLANG_WARN_CONSTANT_CONVERSION = YES;
				CLANG_WARN_DEPRECATED_OBJC_IMPLEMENTATIONS = YES;
				CLANG_WARN_DIRECT_OBJC_ISA_USAGE = YES_ERROR;
				CLANG_WARN_DOCUMENTATION_COMMENTS = YES;
				CLANG_WARN_EMPTY_BODY = YES;
				CLANG_WARN_ENUM_CONVERSION = YES;
				CLANG_WARN_INFINITE_RECURSION = YES;
				CLANG_WARN_INT_CONVERSION = YES;
				CLANG_WARN_NON_LITERAL_NULL_CONVERSION = YES;
				CLANG_WARN_OBJC_IMPLICIT_RETAIN_SELF = YES;
				CLANG_WARN_OBJC_LITERAL_CONVERSION = YES;
				CLANG_WARN_OBJC_ROOT_CLASS = YES_ERROR;
				CLANG_WARN_RANGE_LOOP_ANALYSIS = YES;
				CLANG_WARN_STRICT_PROTOTYPES = YES;
				CLANG_WARN_SUSPICIOUS_MOVE = YES;
				CLANG_WARN_UNGUARDED_AVAILABILITY = YES_AGGRESSIVE;
				CLANG_WARN_UNREACHABLE_CODE = YES;
				CLANG_WARN__DUPLICATE_METHOD_MATCH = YES;
				CODE_SIGN_IDENTITY = "iPhone Developer";
				COPY_PHASE_STRIP = NO;
				DEBUG_INFORMATION_FORMAT = "dwarf-with-dsym";
				ENABLE_NS_ASSERTIONS = NO;
				ENABLE_STRICT_OBJC_MSGSEND = YES;
				GCC_C_LANGUAGE_STANDARD = gnu11;
				GCC_NO_COMMON_BLOCKS = YES;
				GCC_WARN_64_TO_32_BIT_CONVERSION = YES;
				GCC_WARN_ABOUT_RETURN_TYPE = YES_ERROR;
				GCC_WARN_UNDECLARED_SELECTOR = YES;
				GCC_WARN_UNINITIALIZED_AUTOS = YES_AGGRESSIVE;
				GCC_WARN_UNUSED_FUNCTION = YES;
				GCC_WARN_UNUSED_VARIABLE = YES;
				IPHONEOS_DEPLOYMENT_TARGET = 12.0;
				MTL_ENABLE_DEBUG_INFO = NO;
				MTL_FAST_MATH = YES;
				SDKROOT = iphoneos;
				VALIDATE_PRODUCT = YES;
			};
			name = Release;
		};
		448148B02168E35C00B7A43C /* Debug */ = {
			isa = XCBuildConfiguration;
			buildSettings = {
				ASSETCATALOG_COMPILER_APPICON_NAME = AppIcon;
				CODE_SIGN_STYLE = Automatic;
				DEVELOPMENT_TEAM = MTM8DG2A2C;
				INFOPLIST_FILE = Quiz/Info.plist;
				IPHONEOS_DEPLOYMENT_TARGET = 12.0;
				LD_RUNPATH_SEARCH_PATHS = (
					"$(inherited)",
					"@executable_path/Frameworks",
				);
				PRODUCT_BUNDLE_IDENTIFIER = com.juicyiter.Quiz;
				PRODUCT_NAME = "$(TARGET_NAME)";
				TARGETED_DEVICE_FAMILY = 1;
			};
			name = Debug;
		};
		448148B12168E35C00B7A43C /* Release */ = {
			isa = XCBuildConfiguration;
			buildSettings = {
				ASSETCATALOG_COMPILER_APPICON_NAME = AppIcon;
				CODE_SIGN_STYLE = Automatic;
				DEVELOPMENT_TEAM = MTM8DG2A2C;
				INFOPLIST_FILE = Quiz/Info.plist;
				IPHONEOS_DEPLOYMENT_TARGET = 12.0;
				LD_RUNPATH_SEARCH_PATHS = (
					"$(inherited)",
					"@executable_path/Frameworks",
				);
				PRODUCT_BUNDLE_IDENTIFIER = com.juicyiter.Quiz;
				PRODUCT_NAME = "$(TARGET_NAME)";
				TARGETED_DEVICE_FAMILY = 1;
			};
			name = Release;
		};
/* End XCBuildConfiguration section */

/* Begin XCConfigurationList section */
		448148942168E35900B7A43C /* Build configuration list for PBXProject "Quiz" */ = {
			isa = XCConfigurationList;
			buildConfigurations = (
				448148AD2168E35C00B7A43C /* Debug */,
				448148AE2168E35C00B7A43C /* Release */,
			);
			defaultConfigurationIsVisible = 0;
			defaultConfigurationName = Release;
		};
		448148AF2168E35C00B7A43C /* Build configuration list for PBXNativeTarget "Quiz" */ = {
			isa = XCConfigurationList;
			buildConfigurations = (
				448148B02168E35C00B7A43C /* Debug */,
				448148B12168E35C00B7A43C /* Release */,
			);
			defaultConfigurationIsVisible = 0;
			defaultConfigurationName = Release;
		};
/* End XCConfigurationList section */
	};
	rootObject = 448148912168E35900B7A43C /* Project object */;
}
